
Microsoft Visual Studio Solution File, Format Version 12.00
# Visual Studio Version 17
VisualStudioVersion = 17.7.34031.279
MinimumVisualStudioVersion = 10.0.40219.1
Project("{FAE04EC0-301F-11D3-BF4B-00C04F79EFBC}") = "BusinessClockApi", "BusinessClockApi\BusinessClockApi.csproj", "{649224F7-3F86-421C-9ED0-C71F846D95F8}"
EndProject
Project("{FAE04EC0-301F-11D3-BF4B-00C04F79EFBC}") = "BusinessClockApi.IntegrationTests", "BusinessClockApi.IntegrationTests\BusinessClockApi.IntegrationTests.csproj", "{322A9D6E-D888-4E15-98BB-BB75E063ABEC}"
EndProject
Project("{FAE04EC0-301F-11D3-BF4B-00C04F79EFBC}") = "BusinessclockApi.UnitTests", "BusinessclockApi.UnitTests\BusinessclockApi.UnitTests.csproj", "{DC38CD60-0521-4614-93A2-74592AC99BBF}"
EndProject
Global
	GlobalSection(SolutionConfigurationPlatforms) = preSolution
		Debug|Any CPU = Debug|Any CPU
		Release|Any CPU = Release|Any CPU
	EndGlobalSection
	GlobalSection(ProjectConfigurationPlatforms) = postSolution
		{649224F7-3F86-421C-9ED0-C71F846D95F8}.Debug|Any CPU.ActiveCfg = Debug|Any CPU
		{649224F7-3F86-421C-9ED0-C71F846D95F8}.Debug|Any CPU.Build.0 = Debug|Any CPU
		{649224F7-3F86-421C-9ED0-C71F846D95F8}.Release|Any CPU.ActiveCfg = Release|Any CPU
		{649224F7-3F86-421C-9ED0-C71F846D95F8}.Release|Any CPU.Build.0 = Release|Any CPU
		{322A9D6E-D888-4E15-98BB-BB75E063ABEC}.Debug|Any CPU.ActiveCfg = Debug|Any CPU
		{322A9D6E-D888-4E15-98BB-BB75E063ABEC}.Debug|Any CPU.Build.0 = Debug|Any CPU
		{322A9D6E-D888-4E15-98BB-BB75E063ABEC}.Release|Any CPU.ActiveCfg = Release|Any CPU
		{322A9D6E-D888-4E15-98BB-BB75E063ABEC}.Release|Any CPU.Build.0 = Release|Any CPU
		{DC38CD60-0521-4614-93A2-74592AC99BBF}.Debug|Any CPU.ActiveCfg = Debug|Any CPU
		{DC38CD60-0521-4614-93A2-74592AC99BBF}.Debug|Any CPU.Build.0 = Debug|Any CPU
		{DC38CD60-0521-4614-93A2-74592AC99BBF}.Release|Any CPU.ActiveCfg = Release|Any CPU
		{DC38CD60-0521-4614-93A2-74592AC99BBF}.Release|Any CPU.Build.0 = Release|Any CPU
	EndGlobalSection
	GlobalSection(SolutionProperties) = preSolution
		HideSolutionNode = FALSE
	EndGlobalSection
	GlobalSection(ExtensibilityGlobals) = postSolution
		SolutionGuid = {BD783200-A2E2-4841-BBEC-D2176D0AB33B}
	EndGlobalSection
EndGlobal
